
Microsoft Visual Studio Solution File, Format Version 12.00
# Visual Studio Version 16
VisualStudioVersion = 16.0.29709.97
MinimumVisualStudioVersion = 10.0.40219.1
Project("{9A19103F-16F7-4668-BE54-9A1E7A4F7556}") = "DownloadsManagerService", "DownloadsManagerService.csproj", "{F0AFAEBE-947B-4A4F-B156-C07FB0433FD5}"
EndProject
Project("{2150E333-8FDC-42A3-9474-1A3956D46DE8}") = "Solution Items", "Solution Items", "{E83DAFEC-70C1-413C-BCB2-F64648BFE61F}"
	ProjectSection(SolutionItems) = preProject
		.editorconfig = .editorconfig
	EndProjectSection
EndProject
Global
	GlobalSection(SolutionConfigurationPlatforms) = preSolution
		Debug|Any CPU = Debug|Any CPU
		Release|Any CPU = Release|Any CPU
	EndGlobalSection
	GlobalSection(ProjectConfigurationPlatforms) = postSolution
		{F0AFAEBE-947B-4A4F-B156-C07FB0433FD5}.Debug|Any CPU.ActiveCfg = Debug|Any CPU
		{F0AFAEBE-947B-4A4F-B156-C07FB0433FD5}.Debug|Any CPU.Build.0 = Debug|Any CPU
		{F0AFAEBE-947B-4A4F-B156-C07FB0433FD5}.Release|Any CPU.ActiveCfg = Release|Any CPU
		{F0AFAEBE-947B-4A4F-B156-C07FB0433FD5}.Release|Any CPU.Build.0 = Release|Any CPU
	EndGlobalSection
	GlobalSection(SolutionProperties) = preSolution
		HideSolutionNode = FALSE
	EndGlobalSection
	GlobalSection(ExtensibilityGlobals) = postSolution
		SolutionGuid = {C4491E90-C61E-41F4-9AF4-FAAEB59050D4}
	EndGlobalSection
EndGlobal
